<?xml version="1.0" encoding="utf-8"?>
<Project ToolsVersion="4.0" xmlns="http://schemas.microsoft.com/developer/msbuild/2003">
  <ItemGroup>
    <ClCompile Include="Actor.cpp" />
    <ClCompile Include="Cookie.cpp" />
    <ClCompile Include="RunTime\Character\Enemy\EnemyBase.cpp" />
    <ClCompile Include="RunTime\Character\Enemy\Enemy_BLINKY.cpp" />
    <ClCompile Include="RunTime\Character\Enemy\Enemy_INKY.cpp" />
    <ClCompile Include="RunTime\Character\Enemy\Enemy_Pinky.cpp" />
    <ClCompile Include="RunTime\Character\Enemy\Enemy_POKEY.cpp" />
    <ClCompile Include="Engine.cpp" />
    <ClCompile Include="Font.cpp" />
    <ClCompile Include="Fruit.cpp" />
    <ClCompile Include="GameOver.cpp" />
    <ClCompile Include="Gate.cpp" />
    <ClCompile Include="ItemBase.cpp" />
    <ClCompile Include="main.cpp" />
    <ClCompile Include="Object.cpp" />
    <ClCompile Include="PacMan.cpp" />
    <ClCompile Include="PlayerUI.cpp" />
    <ClCompile Include="PowerCookie.cpp" />
    <ClCompile Include="SceneBase.cpp" />
    <ClCompile Include="SceneGame.cpp" />
    <ClCompile Include="SceneManager.cpp" />
    <ClCompile Include="SceneTitle.cpp" />
    <ClCompile Include="SoundManager.cpp" />
    <ClCompile Include="Sprite.cpp" />
    <ClCompile Include="RectCollision.cpp" />
    <ClCompile Include="Stage.cpp" />
    <ClCompile Include="StageLoader.cpp" />
    <ClCompile Include="stdafx.cpp" />
    <ClCompile Include="Timer.cpp" />
    <ClCompile Include="Wall.cpp" />
    <ClCompile Include="WarpPoint.cpp" />
  </ItemGroup>
  <ItemGroup>
<<<<<<< HEAD
    <ClInclude Include="Actor.h" />
    <ClInclude Include="Assets\CollisionFunction.h" />
    <ClInclude Include="Cookie.h" />
    <ClInclude Include="RunTime\Character\Enemy\EnemyBase.h" />
    <ClInclude Include="RunTime\Character\Enemy\Enemy_BLINKY.h" />
    <ClInclude Include="RunTime\Character\Enemy\Enemy_INKY.h" />
    <ClInclude Include="RunTime\Character\Enemy\Enemy_Pinky.h" />
    <ClInclude Include="RunTime\Character\Enemy\Enemy_POKEY.h" />
    <ClInclude Include="Engine.h" />
    <ClInclude Include="EngineMath.h" />
    <ClInclude Include="Font.h" />
    <ClInclude Include="Fruit.h" />
    <ClInclude Include="GameOver.h" />
    <ClInclude Include="GameSetting.h" />
    <ClInclude Include="Gate.h" />
    <ClInclude Include="ItemBase.h" />
    <ClInclude Include="Object.h" />
    <ClInclude Include="PacMan.h" />
    <ClInclude Include="PlayerUI.h" />
    <ClInclude Include="PowerCookie.h" />
    <ClInclude Include="SceneBase.h" />
    <ClInclude Include="SceneGame.h" />
    <ClInclude Include="SceneManager.h" />
    <ClInclude Include="SceneTitle.h" />
    <ClInclude Include="SoundManager.h" />
    <ClInclude Include="Sprite.h" />
    <ClInclude Include="RectCollision.h" />
    <ClInclude Include="Stage.h" />
    <ClInclude Include="StageLoader.h" />
    <ClInclude Include="stdafx.h" />
    <ClInclude Include="Timer.h" />
    <ClInclude Include="Wall.h" />
    <ClInclude Include="WarpPoint.h" />
=======
    <ClCompile Include="main.cpp">
      <Filter>ソース ファイル</Filter>
    </ClCompile>
    <ClCompile Include="Engine.cpp">
      <Filter>ソース ファイル</Filter>
    </ClCompile>
    <ClCompile Include="SceneManager.cpp">
      <Filter>ソース ファイル</Filter>
    </ClCompile>
    <ClCompile Include="SceneBase.cpp">
      <Filter>ソース ファイル</Filter>
    </ClCompile>
    <ClCompile Include="stdafx.cpp">
      <Filter>ソース ファイル</Filter>
    </ClCompile>
    <ClCompile Include="Actor.cpp">
      <Filter>ソース ファイル</Filter>
    </ClCompile>
    <ClCompile Include="Sprite.cpp">
      <Filter>ソース ファイル</Filter>
    </ClCompile>
    <ClCompile Include="PacMan.cpp">
      <Filter>ソース ファイル</Filter>
    </ClCompile>
    <ClCompile Include="SceneGame.cpp">
      <Filter>ソース ファイル</Filter>
    </ClCompile>
    <ClCompile Include="Wall.cpp">
      <Filter>ソース ファイル</Filter>
    </ClCompile>
    <ClCompile Include="EnemyBase.cpp">
      <Filter>ソース ファイル</Filter>
    </ClCompile>
    <ClCompile Include="Enemy_BLINKY.cpp">
      <Filter>ソース ファイル</Filter>
    </ClCompile>
    <ClCompile Include="RectCollision.cpp">
      <Filter>ソース ファイル</Filter>
    </ClCompile>
    <ClCompile Include="ItemBase.cpp">
      <Filter>ソース ファイル</Filter>
    </ClCompile>
    <ClCompile Include="Cookie.cpp">
      <Filter>ソース ファイル</Filter>
    </ClCompile>
    <ClCompile Include="PowerCookie.cpp">
      <Filter>ソース ファイル</Filter>
    </ClCompile>
    <ClCompile Include="Fruit.cpp">
      <Filter>ソース ファイル</Filter>
    </ClCompile>
    <ClCompile Include="Timer.cpp">
      <Filter>ソース ファイル</Filter>
    </ClCompile>
    <ClCompile Include="PlayerUI.cpp">
      <Filter>ソース ファイル</Filter>
    </ClCompile>
    <ClCompile Include="Font.cpp">
      <Filter>ソース ファイル</Filter>
    </ClCompile>
    <ClCompile Include="StageLoader.cpp">
      <Filter>ソース ファイル</Filter>
    </ClCompile>
    <ClCompile Include="Object.cpp">
      <Filter>ソース ファイル</Filter>
    </ClCompile>
    <ClCompile Include="Enemy_Pinky.cpp">
      <Filter>ソース ファイル</Filter>
    </ClCompile>
    <ClCompile Include="Gate.cpp">
      <Filter>ソース ファイル</Filter>
    </ClCompile>
    <ClCompile Include="Enemy_INKY.cpp">
      <Filter>ソース ファイル</Filter>
    </ClCompile>
    <ClCompile Include="Enemy_POKEY.cpp">
      <Filter>ソース ファイル</Filter>
    </ClCompile>
    <ClCompile Include="SceneTitle.cpp">
      <Filter>ソース ファイル</Filter>
    </ClCompile>
    <ClCompile Include="GameOver.cpp">
      <Filter>ソース ファイル</Filter>
    </ClCompile>
    <ClCompile Include="WarpPoint.cpp">
      <Filter>ソース ファイル</Filter>
    </ClCompile>
    <ClCompile Include="SoundManager.cpp">
      <Filter>ソース ファイル</Filter>
    </ClCompile>
    <ClCompile Include="Stage.cpp">
      <Filter>ソース ファイル</Filter>
    </ClCompile>
  </ItemGroup>
  <ItemGroup>
    <ClInclude Include="Engine.h">
      <Filter>ヘッダー ファイル</Filter>
    </ClInclude>
    <ClInclude Include="SceneManager.h">
      <Filter>ヘッダー ファイル</Filter>
    </ClInclude>
    <ClInclude Include="SceneBase.h">
      <Filter>ヘッダー ファイル</Filter>
    </ClInclude>
    <ClInclude Include="Object.h">
      <Filter>ヘッダー ファイル</Filter>
    </ClInclude>
    <ClInclude Include="stdafx.h">
      <Filter>ヘッダー ファイル</Filter>
    </ClInclude>
    <ClInclude Include="Actor.h">
      <Filter>ヘッダー ファイル</Filter>
    </ClInclude>
    <ClInclude Include="EngineMath.h">
      <Filter>ソース ファイル</Filter>
    </ClInclude>
    <ClInclude Include="Sprite.h">
      <Filter>ヘッダー ファイル</Filter>
    </ClInclude>
    <ClInclude Include="PacMan.h">
      <Filter>ヘッダー ファイル</Filter>
    </ClInclude>
    <ClInclude Include="SceneGame.h">
      <Filter>ヘッダー ファイル</Filter>
    </ClInclude>
    <ClInclude Include="GameSetting.h">
      <Filter>ヘッダー ファイル</Filter>
    </ClInclude>
    <ClInclude Include="Wall.h">
      <Filter>ヘッダー ファイル</Filter>
    </ClInclude>
    <ClInclude Include="EnemyBase.h">
      <Filter>ヘッダー ファイル</Filter>
    </ClInclude>
    <ClInclude Include="Enemy_BLINKY.h">
      <Filter>ヘッダー ファイル</Filter>
    </ClInclude>
    <ClInclude Include="Assets\CollisionFunction.h">
      <Filter>ヘッダー ファイル</Filter>
    </ClInclude>
    <ClInclude Include="RectCollision.h">
      <Filter>ヘッダー ファイル</Filter>
    </ClInclude>
    <ClInclude Include="ItemBase.h">
      <Filter>ヘッダー ファイル</Filter>
    </ClInclude>
    <ClInclude Include="Cookie.h">
      <Filter>ヘッダー ファイル</Filter>
    </ClInclude>
    <ClInclude Include="PowerCookie.h">
      <Filter>ヘッダー ファイル</Filter>
    </ClInclude>
    <ClInclude Include="Fruit.h">
      <Filter>ヘッダー ファイル</Filter>
    </ClInclude>
    <ClInclude Include="Timer.h">
      <Filter>ヘッダー ファイル</Filter>
    </ClInclude>
    <ClInclude Include="PlayerUI.h">
      <Filter>ヘッダー ファイル</Filter>
    </ClInclude>
    <ClInclude Include="Font.h">
      <Filter>ヘッダー ファイル</Filter>
    </ClInclude>
    <ClInclude Include="StageLoader.h">
      <Filter>ヘッダー ファイル</Filter>
    </ClInclude>
    <ClInclude Include="Enemy_Pinky.h">
      <Filter>ヘッダー ファイル</Filter>
    </ClInclude>
    <ClInclude Include="Gate.h">
      <Filter>ヘッダー ファイル</Filter>
    </ClInclude>
    <ClInclude Include="Enemy_INKY.h">
      <Filter>ヘッダー ファイル</Filter>
    </ClInclude>
    <ClInclude Include="Enemy_POKEY.h">
      <Filter>ヘッダー ファイル</Filter>
    </ClInclude>
    <ClInclude Include="SceneTitle.h">
      <Filter>ヘッダー ファイル</Filter>
    </ClInclude>
    <ClInclude Include="GameOver.h">
      <Filter>ヘッダー ファイル</Filter>
    </ClInclude>
    <ClInclude Include="WarpPoint.h">
      <Filter>ヘッダー ファイル</Filter>
    </ClInclude>
    <ClInclude Include="SoundManager.h">
      <Filter>ヘッダー ファイル</Filter>
    </ClInclude>
    <ClInclude Include="Stage.h">
      <Filter>ヘッダー ファイル</Filter>
    </ClInclude>
>>>>>>> parent of d0d8c4a (PACMAN)
  </ItemGroup>
  <ItemGroup>
    <None Include="cpp.hint" />
  </ItemGroup>
</Project>