<?xml version="1.0" encoding="utf-8"?>
<Project ToolsVersion="4.0" xmlns="http://schemas.microsoft.com/developer/msbuild/2003">
  <ItemGroup>
    <ClCompile Include="Actor.cpp" />
    <ClCompile Include="Cookie.cpp" />
    <ClCompile Include="RunTime\Character\Enemy\EnemyBase.cpp" />
    <ClCompile Include="RunTime\Character\Enemy\Enemy_BLINKY.cpp" />
    <ClCompile Include="RunTime\Character\Enemy\Enemy_INKY.cpp" />
    <ClCompile Include="RunTime\Character\Enemy\Enemy_Pinky.cpp" />
    <ClCompile Include="RunTime\Character\Enemy\Enemy_POKEY.cpp" />
    <ClCompile Include="Engine.cpp" />
    <ClCompile Include="Font.cpp" />
    <ClCompile Include="Fruit.cpp" />
    <ClCompile Include="GameOver.cpp" />
    <ClCompile Include="Gate.cpp" />
    <ClCompile Include="ItemBase.cpp" />
    <ClCompile Include="main.cpp" />
    <ClCompile Include="Object.cpp" />
    <ClCompile Include="PacMan.cpp" />
    <ClCompile Include="PlayerUI.cpp" />
    <ClCompile Include="PowerCookie.cpp" />
    <ClCompile Include="SceneBase.cpp" />
    <ClCompile Include="SceneGame.cpp" />
    <ClCompile Include="SceneManager.cpp" />
    <ClCompile Include="SceneTitle.cpp" />
    <ClCompile Include="SoundManager.cpp" />
    <ClCompile Include="Sprite.cpp" />
    <ClCompile Include="RectCollision.cpp" />
    <ClCompile Include="Stage.cpp" />
    <ClCompile Include="StageLoader.cpp" />
    <ClCompile Include="stdafx.cpp" />
    <ClCompile Include="Timer.cpp" />
    <ClCompile Include="Wall.cpp" />
    <ClCompile Include="WarpPoint.cpp" />
  </ItemGroup>
  <ItemGroup>
    <ClInclude Include="Actor.h" />
    <ClInclude Include="Assets\CollisionFunction.h" />
    <ClInclude Include="Cookie.h" />
    <ClInclude Include="RunTime\Character\Enemy\EnemyBase.h" />
    <ClInclude Include="RunTime\Character\Enemy\Enemy_BLINKY.h" />
    <ClInclude Include="RunTime\Character\Enemy\Enemy_INKY.h" />
    <ClInclude Include="RunTime\Character\Enemy\Enemy_Pinky.h" />
    <ClInclude Include="RunTime\Character\Enemy\Enemy_POKEY.h" />
    <ClInclude Include="Engine.h" />
    <ClInclude Include="EngineMath.h" />
    <ClInclude Include="Font.h" />
    <ClInclude Include="Fruit.h" />
    <ClInclude Include="GameOver.h" />
    <ClInclude Include="GameSetting.h" />
    <ClInclude Include="Gate.h" />
    <ClInclude Include="ItemBase.h" />
    <ClInclude Include="Object.h" />
    <ClInclude Include="PacMan.h" />
    <ClInclude Include="PlayerUI.h" />
    <ClInclude Include="PowerCookie.h" />
    <ClInclude Include="SceneBase.h" />
    <ClInclude Include="SceneGame.h" />
    <ClInclude Include="SceneManager.h" />
    <ClInclude Include="SceneTitle.h" />
    <ClInclude Include="SoundManager.h" />
    <ClInclude Include="Sprite.h" />
    <ClInclude Include="RectCollision.h" />
    <ClInclude Include="Stage.h" />
    <ClInclude Include="StageLoader.h" />
    <ClInclude Include="stdafx.h" />
    <ClInclude Include="Timer.h" />
    <ClInclude Include="Wall.h" />
    <ClInclude Include="WarpPoint.h" />
  </ItemGroup>
  <ItemGroup>
    <None Include="cpp.hint" />
  </ItemGroup>
</Project>